
Microsoft Visual Studio Solution File, Format Version 12.00
# Visual Studio Version 17
VisualStudioVersion = 17.1.32210.238
MinimumVisualStudioVersion = 10.0.40219.1
Project("{FAE04EC0-301F-11D3-BF4B-00C04F79EFBC}") = "TRY1", "TRY1.csproj", "{6DA87F58-1340-4F7C-9941-89BCD03C1F9E}"
EndProject
Global
	GlobalSection(SolutionConfigurationPlatforms) = preSolution
		Debug|Any CPU = Debug|Any CPU
		Release|Any CPU = Release|Any CPU
	EndGlobalSection
	GlobalSection(ProjectConfigurationPlatforms) = postSolution
		{6DA87F58-1340-4F7C-9941-89BCD03C1F9E}.Debug|Any CPU.ActiveCfg = Debug|Any CPU
		{6DA87F58-1340-4F7C-9941-89BCD03C1F9E}.Debug|Any CPU.Build.0 = Debug|Any CPU
		{6DA87F58-1340-4F7C-9941-89BCD03C1F9E}.Release|Any CPU.ActiveCfg = Release|Any CPU
		{6DA87F58-1340-4F7C-9941-89BCD03C1F9E}.Release|Any CPU.Build.0 = Release|Any CPU
	EndGlobalSection
	GlobalSection(SolutionProperties) = preSolution
		HideSolutionNode = FALSE
	EndGlobalSection
	GlobalSection(ExtensibilityGlobals) = postSolution
		SolutionGuid = {2DBB35A6-EC7F-4A64-BCD5-73B27CE8BFD2}
	EndGlobalSection
EndGlobal
